
Microsoft Visual Studio Solution File, Format Version 12.00
# Visual Studio Version 17
VisualStudioVersion = 17.0.31903.59
MinimumVisualStudioVersion = 10.0.40219.1
Project("{2150E333-8FDC-42A3-9474-1A3956D46DE8}") = "examples", "examples", "{F345DEC2-82F5-46C2-9CF0-D97F49EA0AE6}"
EndProject
Project("{2150E333-8FDC-42A3-9474-1A3956D46DE8}") = "sample-service", "sample-service", "{CC1CDC09-6983-448B-B339-2CA6FA207719}"
EndProject
Project("{2150E333-8FDC-42A3-9474-1A3956D46DE8}") = "src", "src", "{13401D3A-4319-43BE-9DBD-CE70C6B5CA3C}"
EndProject
Project("{FAE04EC0-301F-11D3-BF4B-00C04F79EFBC}") = "SampleService.Api", "examples\sample-service\src\Api\SampleService.Api.csproj", "{9053A03A-1930-49B4-8C56-88D97404BB86}"
EndProject
Project("{FAE04EC0-301F-11D3-BF4B-00C04F79EFBC}") = "SampleService.Tests", "examples\sample-service\tests\SampleService.Tests.csproj", "{7BEBD8D4-5AB1-42FB-8AC2-D0D86E612B5C}"
EndProject
Project("{2150E333-8FDC-42A3-9474-1A3956D46DE8}") = "services", "services", "{4106480A-D4C4-42EB-B911-85FA2D568668}"
EndProject
Project("{2150E333-8FDC-42A3-9474-1A3956D46DE8}") = "identity-service", "identity-service", "{AC669525-EF51-4C79-B81A-3792EAFC6CCF}"
EndProject
Project("{2150E333-8FDC-42A3-9474-1A3956D46DE8}") = "src", "src", "{F25F7CB6-E578-4145-83A6-1AF8243FB286}"
EndProject
Project("{FAE04EC0-301F-11D3-BF4B-00C04F79EFBC}") = "IdentityService.Api", "services\identity-service\src\Api\IdentityService.Api.csproj", "{15535A93-9EE9-4323-8915-4C78C1F990C6}"
EndProject
Project("{FAE04EC0-301F-11D3-BF4B-00C04F79EFBC}") = "IdentityService.Tests", "services\identity-service\tests\IdentityService.Tests.csproj", "{688D9C0C-6AD8-45EF-862E-821EA8CD1874}"
EndProject
Project("{2150E333-8FDC-42A3-9474-1A3956D46DE8}") = "organisation-service", "organisation-service", "{28A68DC6-05DD-41E6-AF25-9469283A1563}"
EndProject
Project("{2150E333-8FDC-42A3-9474-1A3956D46DE8}") = "src", "src", "{412197EA-B4EA-486D-9901-7EBE52DDA3F5}"
EndProject
Project("{FAE04EC0-301F-11D3-BF4B-00C04F79EFBC}") = "OrganisationService.Api", "services\organisation-service\src\Api\OrganisationService.Api.csproj", "{0D9DB6CF-B5E0-4304-A06B-CF87D68E8FF2}"
EndProject
Project("{FAE04EC0-301F-11D3-BF4B-00C04F79EFBC}") = "OrganisationService.Tests", "services\organisation-service\tests\OrganisationService.Tests.csproj", "{64A317DD-A8E7-43AC-97B1-BD3FE44D5833}"
EndProject
Global
	GlobalSection(SolutionConfigurationPlatforms) = preSolution
		Debug|Any CPU = Debug|Any CPU
		Release|Any CPU = Release|Any CPU
	EndGlobalSection
	GlobalSection(SolutionProperties) = preSolution
		HideSolutionNode = FALSE
	EndGlobalSection
	GlobalSection(ProjectConfigurationPlatforms) = postSolution
		{9053A03A-1930-49B4-8C56-88D97404BB86}.Debug|Any CPU.ActiveCfg = Debug|Any CPU
		{9053A03A-1930-49B4-8C56-88D97404BB86}.Debug|Any CPU.Build.0 = Debug|Any CPU
		{9053A03A-1930-49B4-8C56-88D97404BB86}.Release|Any CPU.ActiveCfg = Release|Any CPU
		{9053A03A-1930-49B4-8C56-88D97404BB86}.Release|Any CPU.Build.0 = Release|Any CPU
		{7BEBD8D4-5AB1-42FB-8AC2-D0D86E612B5C}.Debug|Any CPU.ActiveCfg = Debug|Any CPU
		{7BEBD8D4-5AB1-42FB-8AC2-D0D86E612B5C}.Debug|Any CPU.Build.0 = Debug|Any CPU
		{7BEBD8D4-5AB1-42FB-8AC2-D0D86E612B5C}.Release|Any CPU.ActiveCfg = Release|Any CPU
		{7BEBD8D4-5AB1-42FB-8AC2-D0D86E612B5C}.Release|Any CPU.Build.0 = Release|Any CPU
		{15535A93-9EE9-4323-8915-4C78C1F990C6}.Debug|Any CPU.ActiveCfg = Debug|Any CPU
		{15535A93-9EE9-4323-8915-4C78C1F990C6}.Debug|Any CPU.Build.0 = Debug|Any CPU
		{15535A93-9EE9-4323-8915-4C78C1F990C6}.Release|Any CPU.ActiveCfg = Release|Any CPU
		{15535A93-9EE9-4323-8915-4C78C1F990C6}.Release|Any CPU.Build.0 = Release|Any CPU
		{688D9C0C-6AD8-45EF-862E-821EA8CD1874}.Debug|Any CPU.ActiveCfg = Debug|Any CPU
		{688D9C0C-6AD8-45EF-862E-821EA8CD1874}.Debug|Any CPU.Build.0 = Debug|Any CPU
		{688D9C0C-6AD8-45EF-862E-821EA8CD1874}.Release|Any CPU.ActiveCfg = Release|Any CPU
		{688D9C0C-6AD8-45EF-862E-821EA8CD1874}.Release|Any CPU.Build.0 = Release|Any CPU
		{0D9DB6CF-B5E0-4304-A06B-CF87D68E8FF2}.Debug|Any CPU.ActiveCfg = Debug|Any CPU
		{0D9DB6CF-B5E0-4304-A06B-CF87D68E8FF2}.Debug|Any CPU.Build.0 = Debug|Any CPU
		{0D9DB6CF-B5E0-4304-A06B-CF87D68E8FF2}.Release|Any CPU.ActiveCfg = Release|Any CPU
		{0D9DB6CF-B5E0-4304-A06B-CF87D68E8FF2}.Release|Any CPU.Build.0 = Release|Any CPU
		{64A317DD-A8E7-43AC-97B1-BD3FE44D5833}.Debug|Any CPU.ActiveCfg = Debug|Any CPU
		{64A317DD-A8E7-43AC-97B1-BD3FE44D5833}.Debug|Any CPU.Build.0 = Debug|Any CPU
		{64A317DD-A8E7-43AC-97B1-BD3FE44D5833}.Release|Any CPU.ActiveCfg = Release|Any CPU
		{64A317DD-A8E7-43AC-97B1-BD3FE44D5833}.Release|Any CPU.Build.0 = Release|Any CPU
	EndGlobalSection
	GlobalSection(NestedProjects) = preSolution
		{CC1CDC09-6983-448B-B339-2CA6FA207719} = {F345DEC2-82F5-46C2-9CF0-D97F49EA0AE6}
		{13401D3A-4319-43BE-9DBD-CE70C6B5CA3C} = {CC1CDC09-6983-448B-B339-2CA6FA207719}
		{9053A03A-1930-49B4-8C56-88D97404BB86} = {13401D3A-4319-43BE-9DBD-CE70C6B5CA3C}
		{7BEBD8D4-5AB1-42FB-8AC2-D0D86E612B5C} = {CC1CDC09-6983-448B-B339-2CA6FA207719}
		{AC669525-EF51-4C79-B81A-3792EAFC6CCF} = {4106480A-D4C4-42EB-B911-85FA2D568668}
		{F25F7CB6-E578-4145-83A6-1AF8243FB286} = {AC669525-EF51-4C79-B81A-3792EAFC6CCF}
		{15535A93-9EE9-4323-8915-4C78C1F990C6} = {F25F7CB6-E578-4145-83A6-1AF8243FB286}
		{688D9C0C-6AD8-45EF-862E-821EA8CD1874} = {AC669525-EF51-4C79-B81A-3792EAFC6CCF}
		{28A68DC6-05DD-41E6-AF25-9469283A1563} = {4106480A-D4C4-42EB-B911-85FA2D568668}
		{412197EA-B4EA-486D-9901-7EBE52DDA3F5} = {28A68DC6-05DD-41E6-AF25-9469283A1563}
		{0D9DB6CF-B5E0-4304-A06B-CF87D68E8FF2} = {412197EA-B4EA-486D-9901-7EBE52DDA3F5}
		{64A317DD-A8E7-43AC-97B1-BD3FE44D5833} = {28A68DC6-05DD-41E6-AF25-9469283A1563}
	EndGlobalSection
EndGlobal
