
Microsoft Visual Studio Solution File, Format Version 12.00
# Visual Studio Version 17
VisualStudioVersion = 17.0.31903.59
MinimumVisualStudioVersion = 10.0.40219.1
Project("{2150E333-8FDC-42A3-9474-1A3956D46DE8}") = "examples", "examples", "{F345DEC2-82F5-46C2-9CF0-D97F49EA0AE6}"
EndProject
Project("{2150E333-8FDC-42A3-9474-1A3956D46DE8}") = "sample-service", "sample-service", "{CC1CDC09-6983-448B-B339-2CA6FA207719}"
EndProject
Project("{2150E333-8FDC-42A3-9474-1A3956D46DE8}") = "src", "src", "{13401D3A-4319-43BE-9DBD-CE70C6B5CA3C}"
EndProject
Project("{FAE04EC0-301F-11D3-BF4B-00C04F79EFBC}") = "SampleService.Api", "examples\sample-service\src\Api\SampleService.Api.csproj", "{9053A03A-1930-49B4-8C56-88D97404BB86}"
EndProject
Project("{FAE04EC0-301F-11D3-BF4B-00C04F79EFBC}") = "SampleService.Tests", "examples\sample-service\tests\SampleService.Tests.csproj", "{7BEBD8D4-5AB1-42FB-8AC2-D0D86E612B5C}"
EndProject
Project("{2150E333-8FDC-42A3-9474-1A3956D46DE8}") = "services", "services", "{4106480A-D4C4-42EB-B911-85FA2D568668}"
EndProject
Project("{2150E333-8FDC-42A3-9474-1A3956D46DE8}") = "identity-service", "identity-service", "{AC669525-EF51-4C79-B81A-3792EAFC6CCF}"
EndProject
Project("{2150E333-8FDC-42A3-9474-1A3956D46DE8}") = "src", "src", "{F25F7CB6-E578-4145-83A6-1AF8243FB286}"
EndProject
Project("{FAE04EC0-301F-11D3-BF4B-00C04F79EFBC}") = "IdentityService.Api", "services\identity-service\src\Api\IdentityService.Api.csproj", "{15535A93-9EE9-4323-8915-4C78C1F990C6}"
EndProject
Project("{FAE04EC0-301F-11D3-BF4B-00C04F79EFBC}") = "IdentityService.Tests", "services\identity-service\tests\IdentityService.Tests.csproj", "{688D9C0C-6AD8-45EF-862E-821EA8CD1874}"
EndProject
Project("{2150E333-8FDC-42A3-9474-1A3956D46DE8}") = "organisation-service", "organisation-service", "{28A68DC6-05DD-41E6-AF25-9469283A1563}"
EndProject
Project("{2150E333-8FDC-42A3-9474-1A3956D46DE8}") = "src", "src", "{412197EA-B4EA-486D-9901-7EBE52DDA3F5}"
EndProject
Project("{FAE04EC0-301F-11D3-BF4B-00C04F79EFBC}") = "OrganisationService.Api", "services\organisation-service\src\Api\OrganisationService.Api.csproj", "{0D9DB6CF-B5E0-4304-A06B-CF87D68E8FF2}"
EndProject
Project("{FAE04EC0-301F-11D3-BF4B-00C04F79EFBC}") = "OrganisationService.Tests", "services\organisation-service\tests\OrganisationService.Tests.csproj", "{64A317DD-A8E7-43AC-97B1-BD3FE44D5833}"
EndProject
Project("{2150E333-8FDC-42A3-9474-1A3956D46DE8}") = "curriculum-service", "curriculum-service", "{DBD3B28B-2A12-4281-971B-2009862A6717}"
EndProject
Project("{2150E333-8FDC-42A3-9474-1A3956D46DE8}") = "src", "src", "{5950332A-70A9-40C3-A381-891CA97BCB99}"
EndProject
Project("{FAE04EC0-301F-11D3-BF4B-00C04F79EFBC}") = "CurriculumService.Api", "services\curriculum-service\src\Api\CurriculumService.Api.csproj", "{6EDA5227-FBB8-403F-83F1-CD46FA62271C}"
EndProject
Project("{FAE04EC0-301F-11D3-BF4B-00C04F79EFBC}") = "CurriculumService.Tests", "services\curriculum-service\tests\CurriculumService.Tests.csproj", "{F9EC76D5-89D8-4CA5-9793-3395AC0B74FF}"
EndProject
Project("{2150E333-8FDC-42A3-9474-1A3956D46DE8}") = "student-learning-service", "student-learning-service", "{4310844E-79E6-4E48-B1AB-946F9BF0D5C8}"
EndProject
Project("{2150E333-8FDC-42A3-9474-1A3956D46DE8}") = "src", "src", "{AD99F6AB-E7A9-4282-8505-5FD31D022F9E}"
EndProject
Project("{FAE04EC0-301F-11D3-BF4B-00C04F79EFBC}") = "StudentLearningService.Api", "services\student-learning-service\src\Api\StudentLearningService.Api.csproj", "{42D9A1F9-BF2D-4DBC-A432-8B6DA3FE32AF}"
EndProject
Project("{FAE04EC0-301F-11D3-BF4B-00C04F79EFBC}") = "StudentLearningService.Tests", "services\student-learning-service\tests\StudentLearningService.Tests.csproj", "{543C742D-9CA9-4DA9-8DED-BC653CAA768D}"
EndProject
Project("{2150E333-8FDC-42A3-9474-1A3956D46DE8}") = "assessment-service", "assessment-service", "{B1C2D3E4-F5A6-4789-B012-3456789ABCDE}"
EndProject
Project("{2150E333-8FDC-42A3-9474-1A3956D46DE8}") = "src", "src", "{C2D3E4F5-A6B7-4890-C123-456789ABCDEF}"
EndProject
Project("{FAE04EC0-301F-11D3-BF4B-00C04F79EFBC}") = "AssessmentService.Api", "services\assessment-service\src\Api\AssessmentService.Api.csproj", "{D3E4F5A6-B7C8-4901-D234-56789ABCDEF0}"
EndProject
Project("{FAE04EC0-301F-11D3-BF4B-00C04F79EFBC}") = "AssessmentService.Tests", "services\assessment-service\tests\AssessmentService.Tests.csproj", "{E4F5A6B7-C8D9-4012-E345-6789ABCDEF01}"
EndProject
Global
	GlobalSection(SolutionConfigurationPlatforms) = preSolution
		Debug|Any CPU = Debug|Any CPU
		Release|Any CPU = Release|Any CPU
	EndGlobalSection
	GlobalSection(SolutionProperties) = preSolution
		HideSolutionNode = FALSE
	EndGlobalSection
	GlobalSection(ProjectConfigurationPlatforms) = postSolution
		{9053A03A-1930-49B4-8C56-88D97404BB86}.Debug|Any CPU.ActiveCfg = Debug|Any CPU
		{9053A03A-1930-49B4-8C56-88D97404BB86}.Debug|Any CPU.Build.0 = Debug|Any CPU
		{9053A03A-1930-49B4-8C56-88D97404BB86}.Release|Any CPU.ActiveCfg = Release|Any CPU
		{9053A03A-1930-49B4-8C56-88D97404BB86}.Release|Any CPU.Build.0 = Release|Any CPU
		{7BEBD8D4-5AB1-42FB-8AC2-D0D86E612B5C}.Debug|Any CPU.ActiveCfg = Debug|Any CPU
		{7BEBD8D4-5AB1-42FB-8AC2-D0D86E612B5C}.Debug|Any CPU.Build.0 = Debug|Any CPU
		{7BEBD8D4-5AB1-42FB-8AC2-D0D86E612B5C}.Release|Any CPU.ActiveCfg = Release|Any CPU
		{7BEBD8D4-5AB1-42FB-8AC2-D0D86E612B5C}.Release|Any CPU.Build.0 = Release|Any CPU
		{15535A93-9EE9-4323-8915-4C78C1F990C6}.Debug|Any CPU.ActiveCfg = Debug|Any CPU
		{15535A93-9EE9-4323-8915-4C78C1F990C6}.Debug|Any CPU.Build.0 = Debug|Any CPU
		{15535A93-9EE9-4323-8915-4C78C1F990C6}.Release|Any CPU.ActiveCfg = Release|Any CPU
		{15535A93-9EE9-4323-8915-4C78C1F990C6}.Release|Any CPU.Build.0 = Release|Any CPU
		{688D9C0C-6AD8-45EF-862E-821EA8CD1874}.Debug|Any CPU.ActiveCfg = Debug|Any CPU
		{688D9C0C-6AD8-45EF-862E-821EA8CD1874}.Debug|Any CPU.Build.0 = Debug|Any CPU
		{688D9C0C-6AD8-45EF-862E-821EA8CD1874}.Release|Any CPU.ActiveCfg = Release|Any CPU
		{688D9C0C-6AD8-45EF-862E-821EA8CD1874}.Release|Any CPU.Build.0 = Release|Any CPU
		{0D9DB6CF-B5E0-4304-A06B-CF87D68E8FF2}.Debug|Any CPU.ActiveCfg = Debug|Any CPU
		{0D9DB6CF-B5E0-4304-A06B-CF87D68E8FF2}.Debug|Any CPU.Build.0 = Debug|Any CPU
		{0D9DB6CF-B5E0-4304-A06B-CF87D68E8FF2}.Release|Any CPU.ActiveCfg = Release|Any CPU
		{0D9DB6CF-B5E0-4304-A06B-CF87D68E8FF2}.Release|Any CPU.Build.0 = Release|Any CPU
		{64A317DD-A8E7-43AC-97B1-BD3FE44D5833}.Debug|Any CPU.ActiveCfg = Debug|Any CPU
		{64A317DD-A8E7-43AC-97B1-BD3FE44D5833}.Debug|Any CPU.Build.0 = Debug|Any CPU
		{64A317DD-A8E7-43AC-97B1-BD3FE44D5833}.Release|Any CPU.ActiveCfg = Release|Any CPU
		{64A317DD-A8E7-43AC-97B1-BD3FE44D5833}.Release|Any CPU.Build.0 = Release|Any CPU
		{6EDA5227-FBB8-403F-83F1-CD46FA62271C}.Debug|Any CPU.ActiveCfg = Debug|Any CPU
		{6EDA5227-FBB8-403F-83F1-CD46FA62271C}.Debug|Any CPU.Build.0 = Debug|Any CPU
		{6EDA5227-FBB8-403F-83F1-CD46FA62271C}.Release|Any CPU.ActiveCfg = Release|Any CPU
		{6EDA5227-FBB8-403F-83F1-CD46FA62271C}.Release|Any CPU.Build.0 = Release|Any CPU
		{F9EC76D5-89D8-4CA5-9793-3395AC0B74FF}.Debug|Any CPU.ActiveCfg = Debug|Any CPU
		{F9EC76D5-89D8-4CA5-9793-3395AC0B74FF}.Debug|Any CPU.Build.0 = Debug|Any CPU
		{F9EC76D5-89D8-4CA5-9793-3395AC0B74FF}.Release|Any CPU.ActiveCfg = Release|Any CPU
		{F9EC76D5-89D8-4CA5-9793-3395AC0B74FF}.Release|Any CPU.Build.0 = Release|Any CPU
		{42D9A1F9-BF2D-4DBC-A432-8B6DA3FE32AF}.Debug|Any CPU.ActiveCfg = Debug|Any CPU
		{42D9A1F9-BF2D-4DBC-A432-8B6DA3FE32AF}.Debug|Any CPU.Build.0 = Debug|Any CPU
		{42D9A1F9-BF2D-4DBC-A432-8B6DA3FE32AF}.Release|Any CPU.ActiveCfg = Release|Any CPU
		{42D9A1F9-BF2D-4DBC-A432-8B6DA3FE32AF}.Release|Any CPU.Build.0 = Release|Any CPU
		{543C742D-9CA9-4DA9-8DED-BC653CAA768D}.Debug|Any CPU.ActiveCfg = Debug|Any CPU
		{543C742D-9CA9-4DA9-8DED-BC653CAA768D}.Debug|Any CPU.Build.0 = Debug|Any CPU
		{543C742D-9CA9-4DA9-8DED-BC653CAA768D}.Release|Any CPU.ActiveCfg = Release|Any CPU
		{543C742D-9CA9-4DA9-8DED-BC653CAA768D}.Release|Any CPU.Build.0 = Release|Any CPU
		{D3E4F5A6-B7C8-4901-D234-56789ABCDEF0}.Debug|Any CPU.ActiveCfg = Debug|Any CPU
		{D3E4F5A6-B7C8-4901-D234-56789ABCDEF0}.Debug|Any CPU.Build.0 = Debug|Any CPU
		{D3E4F5A6-B7C8-4901-D234-56789ABCDEF0}.Release|Any CPU.ActiveCfg = Release|Any CPU
		{D3E4F5A6-B7C8-4901-D234-56789ABCDEF0}.Release|Any CPU.Build.0 = Release|Any CPU
		{E4F5A6B7-C8D9-4012-E345-6789ABCDEF01}.Debug|Any CPU.ActiveCfg = Debug|Any CPU
		{E4F5A6B7-C8D9-4012-E345-6789ABCDEF01}.Debug|Any CPU.Build.0 = Debug|Any CPU
		{E4F5A6B7-C8D9-4012-E345-6789ABCDEF01}.Release|Any CPU.ActiveCfg = Release|Any CPU
		{E4F5A6B7-C8D9-4012-E345-6789ABCDEF01}.Release|Any CPU.Build.0 = Release|Any CPU
	EndGlobalSection
	GlobalSection(NestedProjects) = preSolution
		{CC1CDC09-6983-448B-B339-2CA6FA207719} = {F345DEC2-82F5-46C2-9CF0-D97F49EA0AE6}
		{13401D3A-4319-43BE-9DBD-CE70C6B5CA3C} = {CC1CDC09-6983-448B-B339-2CA6FA207719}
		{9053A03A-1930-49B4-8C56-88D97404BB86} = {13401D3A-4319-43BE-9DBD-CE70C6B5CA3C}
		{7BEBD8D4-5AB1-42FB-8AC2-D0D86E612B5C} = {CC1CDC09-6983-448B-B339-2CA6FA207719}
		{AC669525-EF51-4C79-B81A-3792EAFC6CCF} = {4106480A-D4C4-42EB-B911-85FA2D568668}
		{F25F7CB6-E578-4145-83A6-1AF8243FB286} = {AC669525-EF51-4C79-B81A-3792EAFC6CCF}
		{15535A93-9EE9-4323-8915-4C78C1F990C6} = {F25F7CB6-E578-4145-83A6-1AF8243FB286}
		{688D9C0C-6AD8-45EF-862E-821EA8CD1874} = {AC669525-EF51-4C79-B81A-3792EAFC6CCF}
		{28A68DC6-05DD-41E6-AF25-9469283A1563} = {4106480A-D4C4-42EB-B911-85FA2D568668}
		{412197EA-B4EA-486D-9901-7EBE52DDA3F5} = {28A68DC6-05DD-41E6-AF25-9469283A1563}
		{0D9DB6CF-B5E0-4304-A06B-CF87D68E8FF2} = {412197EA-B4EA-486D-9901-7EBE52DDA3F5}
		{64A317DD-A8E7-43AC-97B1-BD3FE44D5833} = {28A68DC6-05DD-41E6-AF25-9469283A1563}
		{DBD3B28B-2A12-4281-971B-2009862A6717} = {4106480A-D4C4-42EB-B911-85FA2D568668}
		{5950332A-70A9-40C3-A381-891CA97BCB99} = {DBD3B28B-2A12-4281-971B-2009862A6717}
		{6EDA5227-FBB8-403F-83F1-CD46FA62271C} = {5950332A-70A9-40C3-A381-891CA97BCB99}
		{F9EC76D5-89D8-4CA5-9793-3395AC0B74FF} = {DBD3B28B-2A12-4281-971B-2009862A6717}
		{4310844E-79E6-4E48-B1AB-946F9BF0D5C8} = {4106480A-D4C4-42EB-B911-85FA2D568668}
		{AD99F6AB-E7A9-4282-8505-5FD31D022F9E} = {4310844E-79E6-4E48-B1AB-946F9BF0D5C8}
		{42D9A1F9-BF2D-4DBC-A432-8B6DA3FE32AF} = {AD99F6AB-E7A9-4282-8505-5FD31D022F9E}
		{543C742D-9CA9-4DA9-8DED-BC653CAA768D} = {4310844E-79E6-4E48-B1AB-946F9BF0D5C8}
		{B1C2D3E4-F5A6-4789-B012-3456789ABCDE} = {4106480A-D4C4-42EB-B911-85FA2D568668}
		{C2D3E4F5-A6B7-4890-C123-456789ABCDEF} = {B1C2D3E4-F5A6-4789-B012-3456789ABCDE}
		{D3E4F5A6-B7C8-4901-D234-56789ABCDEF0} = {C2D3E4F5-A6B7-4890-C123-456789ABCDEF}
		{E4F5A6B7-C8D9-4012-E345-6789ABCDEF01} = {B1C2D3E4-F5A6-4789-B012-3456789ABCDE}
	EndGlobalSection
EndGlobal
